
Microsoft Visual Studio Solution File, Format Version 12.00
# Visual Studio 15
VisualStudioVersion = 15.0.27703.2000
MinimumVisualStudioVersion = 10.0.40219.1
Project("{FAE04EC0-301F-11D3-BF4B-00C04F79EFBC}") = "WOWSClanCollector", "WOWSClanCollector\WOWSClanCollector.csproj", "{2A606860-847C-4C87-9F52-A24857B3F1CE}"
EndProject
Global
	GlobalSection(SolutionConfigurationPlatforms) = preSolution
		Debug|Any CPU = Debug|Any CPU
		Release|Any CPU = Release|Any CPU
	EndGlobalSection
	GlobalSection(ProjectConfigurationPlatforms) = postSolution
		{2A606860-847C-4C87-9F52-A24857B3F1CE}.Debug|Any CPU.ActiveCfg = Debug|Any CPU
		{2A606860-847C-4C87-9F52-A24857B3F1CE}.Debug|Any CPU.Build.0 = Debug|Any CPU
		{2A606860-847C-4C87-9F52-A24857B3F1CE}.Release|Any CPU.ActiveCfg = Release|Any CPU
		{2A606860-847C-4C87-9F52-A24857B3F1CE}.Release|Any CPU.Build.0 = Release|Any CPU
	EndGlobalSection
	GlobalSection(SolutionProperties) = preSolution
		HideSolutionNode = FALSE
	EndGlobalSection
	GlobalSection(ExtensibilityGlobals) = postSolution
		SolutionGuid = {49014C29-9332-441F-B518-B8D5A28AC9A2}
	EndGlobalSection
EndGlobal
